
Microsoft Visual Studio Solution File, Format Version 12.00
# Visual Studio 15
VisualStudioVersion = 15.0.28010.2016
MinimumVisualStudioVersion = 10.0.40219.1
Project("{FAE04EC0-301F-11D3-BF4B-00C04F79EFBC}") = "Echo", "Echo\Echo.csproj", "{FD5FDA3B-C497-47D2-BDB3-8423D2A01D52}"
EndProject
Global
	GlobalSection(SolutionConfigurationPlatforms) = preSolution
		Debug|Any CPU = Debug|Any CPU
		Release|Any CPU = Release|Any CPU
	EndGlobalSection
	GlobalSection(ProjectConfigurationPlatforms) = postSolution
		{FD5FDA3B-C497-47D2-BDB3-8423D2A01D52}.Debug|Any CPU.ActiveCfg = Debug|Any CPU
		{FD5FDA3B-C497-47D2-BDB3-8423D2A01D52}.Debug|Any CPU.Build.0 = Debug|Any CPU
		{FD5FDA3B-C497-47D2-BDB3-8423D2A01D52}.Release|Any CPU.ActiveCfg = Release|Any CPU
		{FD5FDA3B-C497-47D2-BDB3-8423D2A01D52}.Release|Any CPU.Build.0 = Release|Any CPU
	EndGlobalSection
	GlobalSection(SolutionProperties) = preSolution
		HideSolutionNode = FALSE
	EndGlobalSection
	GlobalSection(ExtensibilityGlobals) = postSolution
		SolutionGuid = {0D936FC8-CAF4-410D-9AEE-C47BB8008169}
	EndGlobalSection
EndGlobal
