
Microsoft Visual Studio Solution File, Format Version 12.00
# Visual Studio 15
VisualStudioVersion = 15.0.28010.2016
MinimumVisualStudioVersion = 10.0.40219.1
Project("{FAE04EC0-301F-11D3-BF4B-00C04F79EFBC}") = "ToDoApi2", "ToDoApi2\ToDoApi2.csproj", "{1BE94B5B-9B47-4D6A-89B6-EF94F4ED1A57}"
EndProject
Global
	GlobalSection(SolutionConfigurationPlatforms) = preSolution
		Debug|Any CPU = Debug|Any CPU
		Release|Any CPU = Release|Any CPU
	EndGlobalSection
	GlobalSection(ProjectConfigurationPlatforms) = postSolution
		{1BE94B5B-9B47-4D6A-89B6-EF94F4ED1A57}.Debug|Any CPU.ActiveCfg = Debug|Any CPU
		{1BE94B5B-9B47-4D6A-89B6-EF94F4ED1A57}.Debug|Any CPU.Build.0 = Debug|Any CPU
		{1BE94B5B-9B47-4D6A-89B6-EF94F4ED1A57}.Release|Any CPU.ActiveCfg = Release|Any CPU
		{1BE94B5B-9B47-4D6A-89B6-EF94F4ED1A57}.Release|Any CPU.Build.0 = Release|Any CPU
	EndGlobalSection
	GlobalSection(SolutionProperties) = preSolution
		HideSolutionNode = FALSE
	EndGlobalSection
	GlobalSection(ExtensibilityGlobals) = postSolution
		SolutionGuid = {CCA9E0E8-7432-49A7-9CA1-563A404E65D4}
	EndGlobalSection
EndGlobal
